
Microsoft Visual Studio Solution File, Format Version 12.00
# Visual Studio Version 17
VisualStudioVersion = 17.10.35027.167
MinimumVisualStudioVersion = 10.0.40219.1
Project("{FAE04EC0-301F-11D3-BF4B-00C04F79EFBC}") = "PersonalTracking", "PersonalTracking.csproj", "{B9FA1379-F8D5-4720-AC47-764D902943DD}"
EndProject
Project("{FAE04EC0-301F-11D3-BF4B-00C04F79EFBC}") = "BLL", "..\BLL\BLL.csproj", "{B1919EEE-5733-4064-95E3-7919C7F39C51}"
EndProject
Project("{FAE04EC0-301F-11D3-BF4B-00C04F79EFBC}") = "DAL", "..\DAL\DAL.csproj", "{7BA399A9-A673-4665-A342-A4049990655D}"
EndProject
Project("{2150E333-8FDC-42A3-9474-1A3956D46DE8}") = "EmployeeTracking", "EmployeeTracking", "{4E4816A5-0A15-4117-AC23-FCC30ABF7AB1}"
EndProject
Global
	GlobalSection(SolutionConfigurationPlatforms) = preSolution
		Debug|Any CPU = Debug|Any CPU
		Release|Any CPU = Release|Any CPU
	EndGlobalSection
	GlobalSection(ProjectConfigurationPlatforms) = postSolution
		{B9FA1379-F8D5-4720-AC47-764D902943DD}.Debug|Any CPU.ActiveCfg = Debug|Any CPU
		{B9FA1379-F8D5-4720-AC47-764D902943DD}.Debug|Any CPU.Build.0 = Debug|Any CPU
		{B9FA1379-F8D5-4720-AC47-764D902943DD}.Release|Any CPU.ActiveCfg = Release|Any CPU
		{B9FA1379-F8D5-4720-AC47-764D902943DD}.Release|Any CPU.Build.0 = Release|Any CPU
		{B1919EEE-5733-4064-95E3-7919C7F39C51}.Debug|Any CPU.ActiveCfg = Debug|Any CPU
		{B1919EEE-5733-4064-95E3-7919C7F39C51}.Debug|Any CPU.Build.0 = Debug|Any CPU
		{B1919EEE-5733-4064-95E3-7919C7F39C51}.Release|Any CPU.ActiveCfg = Release|Any CPU
		{B1919EEE-5733-4064-95E3-7919C7F39C51}.Release|Any CPU.Build.0 = Release|Any CPU
		{7BA399A9-A673-4665-A342-A4049990655D}.Debug|Any CPU.ActiveCfg = Debug|Any CPU
		{7BA399A9-A673-4665-A342-A4049990655D}.Debug|Any CPU.Build.0 = Debug|Any CPU
		{7BA399A9-A673-4665-A342-A4049990655D}.Release|Any CPU.ActiveCfg = Release|Any CPU
		{7BA399A9-A673-4665-A342-A4049990655D}.Release|Any CPU.Build.0 = Release|Any CPU
	EndGlobalSection
	GlobalSection(SolutionProperties) = preSolution
		HideSolutionNode = FALSE
	EndGlobalSection
	GlobalSection(NestedProjects) = preSolution
		{B9FA1379-F8D5-4720-AC47-764D902943DD} = {4E4816A5-0A15-4117-AC23-FCC30ABF7AB1}
		{B1919EEE-5733-4064-95E3-7919C7F39C51} = {4E4816A5-0A15-4117-AC23-FCC30ABF7AB1}
		{7BA399A9-A673-4665-A342-A4049990655D} = {4E4816A5-0A15-4117-AC23-FCC30ABF7AB1}
	EndGlobalSection
	GlobalSection(ExtensibilityGlobals) = postSolution
		SolutionGuid = {E52386D2-7A62-4419-A912-1C7874D8A687}
	EndGlobalSection
EndGlobal
